# This file is automatically @generated by Cargo.
# It is not intended for manual editing.
version = 4

[[package]]
name = "api-gateway"
version = "0.1.0"

[[package]]
name = "dubpay"
version = "0.1.0"

[[package]]
name = "fraud-detection-service"
version = "0.1.0"

[[package]]
name = "notification-service"
version = "0.1.0"

[[package]]
name = "social-service"
version = "0.1.0"

[[package]]
name = "transaction-service"
version = "0.1.0"

[[package]]
name = "user-service"
version = "0.1.0"

[[package]]
name = "wallet-service"
version = "0.1.0"
